// !$*UTF8*$!
{
	archiveVersion = 1;
	classes = {
	};
	objectVersion = 56;
	objects = {

/* Begin PBXBuildFile section */
		6D7AD88F2C022FF80012737F /* AppDelegate.swift in Sources */ = {isa = PBXBuildFile; fileRef = 6D7AD88E2C022FF80012737F /* AppDelegate.swift */; };
		6D7AD8912C022FF80012737F /* SceneDelegate.swift in Sources */ = {isa = PBXBuildFile; fileRef = 6D7AD8902C022FF80012737F /* SceneDelegate.swift */; };
		6D7AD8932C022FF80012737F /* MainTabBarController.swift in Sources */ = {isa = PBXBuildFile; fileRef = 6D7AD8922C022FF80012737F /* MainTabBarController.swift */; };
		6D7AD8982C022FF90012737F /* Assets.xcassets in Resources */ = {isa = PBXBuildFile; fileRef = 6D7AD8972C022FF90012737F /* Assets.xcassets */; };
		6D7AD89B2C022FF90012737F /* Base in Resources */ = {isa = PBXBuildFile; fileRef = 6D7AD89A2C022FF90012737F /* Base */; };
		6D7AD8A42C0256140012737F /* MovieResponse.swift in Sources */ = {isa = PBXBuildFile; fileRef = 6D7AD8A32C0256140012737F /* MovieResponse.swift */; };
		6D7AD8A62C0256330012737F /* CellInfo.swift in Sources */ = {isa = PBXBuildFile; fileRef = 6D7AD8A52C0256330012737F /* CellInfo.swift */; };
		6D7AD8A82C02564B0012737F /* YoutubeResponse.swift in Sources */ = {isa = PBXBuildFile; fileRef = 6D7AD8A72C02564B0012737F /* YoutubeResponse.swift */; };
		6D7AD8AA2C0256670012737F /* MoviePreview.swift in Sources */ = {isa = PBXBuildFile; fileRef = 6D7AD8A92C0256670012737F /* MoviePreview.swift */; };
		6D7AD8AC2C02567E0012737F /* MovieModel.swift in Sources */ = {isa = PBXBuildFile; fileRef = 6D7AD8AB2C02567E0012737F /* MovieModel.swift */; };
		6D7AD8AF2C0257660012737F /* CollectionTableViewCell.swift in Sources */ = {isa = PBXBuildFile; fileRef = 6D7AD8AE2C0257660012737F /* CollectionTableViewCell.swift */; };
		6D7AD8B12C02578C0012737F /* PosterCollectionViewCell.swift in Sources */ = {isa = PBXBuildFile; fileRef = 6D7AD8B02C02578C0012737F /* PosterCollectionViewCell.swift */; };
		6D7AD8B32C0257AE0012737F /* HeroHeaderView.swift in Sources */ = {isa = PBXBuildFile; fileRef = 6D7AD8B22C0257AE0012737F /* HeroHeaderView.swift */; };
		6D7AD8B52C0257CF0012737F /* PlayTableViewCell.swift in Sources */ = {isa = PBXBuildFile; fileRef = 6D7AD8B42C0257CF0012737F /* PlayTableViewCell.swift */; };
		6D7AD8B82C0258770012737F /* HomeViewController.swift in Sources */ = {isa = PBXBuildFile; fileRef = 6D7AD8B72C0258770012737F /* HomeViewController.swift */; };
		6D7AD8BA2C0258930012737F /* UpcomingViewController.swift in Sources */ = {isa = PBXBuildFile; fileRef = 6D7AD8B92C0258930012737F /* UpcomingViewController.swift */; };
		6D7AD8BC2C0258AA0012737F /* SearchViewController.swift in Sources */ = {isa = PBXBuildFile; fileRef = 6D7AD8BB2C0258AA0012737F /* SearchViewController.swift */; };
		6D7AD8BE2C0258CC0012737F /* SearchResultsViewController.swift in Sources */ = {isa = PBXBuildFile; fileRef = 6D7AD8BD2C0258CC0012737F /* SearchResultsViewController.swift */; };
		6D7AD8C02C0258E70012737F /* PreviewViewController.swift in Sources */ = {isa = PBXBuildFile; fileRef = 6D7AD8BF2C0258E70012737F /* PreviewViewController.swift */; };
		6D7AD8C32C0259710012737F /* DataPersistence.swift in Sources */ = {isa = PBXBuildFile; fileRef = 6D7AD8C22C0259710012737F /* DataPersistence.swift */; };
		6D7AD8C52C0259870012737F /* API.swift in Sources */ = {isa = PBXBuildFile; fileRef = 6D7AD8C42C0259860012737F /* API.swift */; };
		6D7AD8C82C0259BB0012737F /* Extensions.swift in Sources */ = {isa = PBXBuildFile; fileRef = 6D7AD8C72C0259BB0012737F /* Extensions.swift */; };
		6D7AD8CA2C0259CD0012737F /* Constants.swift in Sources */ = {isa = PBXBuildFile; fileRef = 6D7AD8C92C0259CD0012737F /* Constants.swift */; };
		6D7AD8CE2C025A240012737F /* WatchlistViewController.swift in Sources */ = {isa = PBXBuildFile; fileRef = 6D7AD8CD2C025A240012737F /* WatchlistViewController.swift */; };
		7E8D9653E06CAB0BCEA9C78B /* Pods_Netflix_Clone.framework in Frameworks */ = {isa = PBXBuildFile; fileRef = B61A54A165F7DB316CA88554 /* Pods_Netflix_Clone.framework */; };
/* End PBXBuildFile section */

/* Begin PBXFileReference section */
		5231FE66686565D138813D8E /* Pods-Netflix Clone.release.xcconfig */ = {isa = PBXFileReference; includeInIndex = 1; lastKnownFileType = text.xcconfig; name = "Pods-Netflix Clone.release.xcconfig"; path = "Target Support Files/Pods-Netflix Clone/Pods-Netflix Clone.release.xcconfig"; sourceTree = "<group>"; };
		6D7AD88B2C022FF80012737F /* Netflix Clone.app */ = {isa = PBXFileReference; explicitFileType = wrapper.application; includeInIndex = 0; path = "Netflix Clone.app"; sourceTree = BUILT_PRODUCTS_DIR; };
		6D7AD88E2C022FF80012737F /* AppDelegate.swift */ = {isa = PBXFileReference; lastKnownFileType = sourcecode.swift; path = AppDelegate.swift; sourceTree = "<group>"; };
		6D7AD8902C022FF80012737F /* SceneDelegate.swift */ = {isa = PBXFileReference; lastKnownFileType = sourcecode.swift; path = SceneDelegate.swift; sourceTree = "<group>"; };
		6D7AD8922C022FF80012737F /* MainTabBarController.swift */ = {isa = PBXFileReference; lastKnownFileType = sourcecode.swift; path = MainTabBarController.swift; sourceTree = "<group>"; };
		6D7AD8972C022FF90012737F /* Assets.xcassets */ = {isa = PBXFileReference; lastKnownFileType = folder.assetcatalog; path = Assets.xcassets; sourceTree = "<group>"; };
		6D7AD89A2C022FF90012737F /* Base */ = {isa = PBXFileReference; lastKnownFileType = file.storyboard; name = Base; path = Base.lproj/LaunchScreen.storyboard; sourceTree = "<group>"; };
		6D7AD89C2C022FF90012737F /* Info.plist */ = {isa = PBXFileReference; lastKnownFileType = text.plist.xml; path = Info.plist; sourceTree = "<group>"; };
		6D7AD8A32C0256140012737F /* MovieResponse.swift */ = {isa = PBXFileReference; lastKnownFileType = sourcecode.swift; path = MovieResponse.swift; sourceTree = "<group>"; };
		6D7AD8A52C0256330012737F /* CellInfo.swift */ = {isa = PBXFileReference; lastKnownFileType = sourcecode.swift; path = CellInfo.swift; sourceTree = "<group>"; };
		6D7AD8A72C02564B0012737F /* YoutubeResponse.swift */ = {isa = PBXFileReference; lastKnownFileType = sourcecode.swift; path = YoutubeResponse.swift; sourceTree = "<group>"; };
		6D7AD8A92C0256670012737F /* MoviePreview.swift */ = {isa = PBXFileReference; lastKnownFileType = sourcecode.swift; path = MoviePreview.swift; sourceTree = "<group>"; };
		6D7AD8AB2C02567E0012737F /* MovieModel.swift */ = {isa = PBXFileReference; lastKnownFileType = sourcecode.swift; path = MovieModel.swift; sourceTree = "<group>"; };
		6D7AD8AE2C0257660012737F /* CollectionTableViewCell.swift */ = {isa = PBXFileReference; lastKnownFileType = sourcecode.swift; path = CollectionTableViewCell.swift; sourceTree = "<group>"; };
		6D7AD8B02C02578C0012737F /* PosterCollectionViewCell.swift */ = {isa = PBXFileReference; lastKnownFileType = sourcecode.swift; path = PosterCollectionViewCell.swift; sourceTree = "<group>"; };
		6D7AD8B22C0257AE0012737F /* HeroHeaderView.swift */ = {isa = PBXFileReference; lastKnownFileType = sourcecode.swift; path = HeroHeaderView.swift; sourceTree = "<group>"; };
		6D7AD8B42C0257CF0012737F /* PlayTableViewCell.swift */ = {isa = PBXFileReference; lastKnownFileType = sourcecode.swift; path = PlayTableViewCell.swift; sourceTree = "<group>"; };
		6D7AD8B72C0258770012737F /* HomeViewController.swift */ = {isa = PBXFileReference; lastKnownFileType = sourcecode.swift; path = HomeViewController.swift; sourceTree = "<group>"; };
		6D7AD8B92C0258930012737F /* UpcomingViewController.swift */ = {isa = PBXFileReference; lastKnownFileType = sourcecode.swift; path = UpcomingViewController.swift; sourceTree = "<group>"; };
		6D7AD8BB2C0258AA0012737F /* SearchViewController.swift */ = {isa = PBXFileReference; lastKnownFileType = sourcecode.swift; path = SearchViewController.swift; sourceTree = "<group>"; };
		6D7AD8BD2C0258CC0012737F /* SearchResultsViewController.swift */ = {isa = PBXFileReference; lastKnownFileType = sourcecode.swift; path = SearchResultsViewController.swift; sourceTree = "<group>"; };
		6D7AD8BF2C0258E70012737F /* PreviewViewController.swift */ = {isa = PBXFileReference; lastKnownFileType = sourcecode.swift; path = PreviewViewController.swift; sourceTree = "<group>"; };
		6D7AD8C22C0259710012737F /* DataPersistence.swift */ = {isa = PBXFileReference; lastKnownFileType = sourcecode.swift; path = DataPersistence.swift; sourceTree = "<group>"; };
		6D7AD8C42C0259860012737F /* API.swift */ = {isa = PBXFileReference; lastKnownFileType = sourcecode.swift; path = API.swift; sourceTree = "<group>"; };
		6D7AD8C72C0259BB0012737F /* Extensions.swift */ = {isa = PBXFileReference; lastKnownFileType = sourcecode.swift; path = Extensions.swift; sourceTree = "<group>"; };
		6D7AD8C92C0259CD0012737F /* Constants.swift */ = {isa = PBXFileReference; lastKnownFileType = sourcecode.swift; path = Constants.swift; sourceTree = "<group>"; };
		6D7AD8CD2C025A240012737F /* WatchlistViewController.swift */ = {isa = PBXFileReference; lastKnownFileType = sourcecode.swift; path = WatchlistViewController.swift; sourceTree = "<group>"; };
		823CA94F9545897F6A3866CB /* Pods-Netflix Clone.debug.xcconfig */ = {isa = PBXFileReference; includeInIndex = 1; lastKnownFileType = text.xcconfig; name = "Pods-Netflix Clone.debug.xcconfig"; path = "Target Support Files/Pods-Netflix Clone/Pods-Netflix Clone.debug.xcconfig"; sourceTree = "<group>"; };
		B61A54A165F7DB316CA88554 /* Pods_Netflix_Clone.framework */ = {isa = PBXFileReference; explicitFileType = wrapper.framework; includeInIndex = 0; path = Pods_Netflix_Clone.framework; sourceTree = BUILT_PRODUCTS_DIR; };
/* End PBXFileReference section */

/* Begin PBXFrameworksBuildPhase section */
		6D7AD8882C022FF80012737F /* Frameworks */ = {
			isa = PBXFrameworksBuildPhase;
			buildActionMask = 2147483647;
			files = (
				7E8D9653E06CAB0BCEA9C78B /* Pods_Netflix_Clone.framework in Frameworks */,
			);
			runOnlyForDeploymentPostprocessing = 0;
		};
/* End PBXFrameworksBuildPhase section */

/* Begin PBXGroup section */
		6D7AD8822C022FF80012737F = {
			isa = PBXGroup;
			children = (
				6D7AD88D2C022FF80012737F /* Netflix Clone */,
				6D7AD88C2C022FF80012737F /* Products */,
				F1AB6022403D14509B93AD28 /* Pods */,
				753DE4CCA028D1C6A2E62735 /* Frameworks */,
			);
			sourceTree = "<group>";
		};
		6D7AD88C2C022FF80012737F /* Products */ = {
			isa = PBXGroup;
			children = (
				6D7AD88B2C022FF80012737F /* Netflix Clone.app */,
			);
			name = Products;
			sourceTree = "<group>";
		};
		6D7AD88D2C022FF80012737F /* Netflix Clone */ = {
			isa = PBXGroup;
			children = (
				6D7AD8A22C0255EF0012737F /* Models */,
				6D7AD8AD2C02572B0012737F /* Views */,
				6D7AD8B62C0258440012737F /* Controllers */,
				6D7AD8C12C0259470012737F /* Managers */,
				6D7AD8C62C02599C0012737F /* Helpers */,
				6D7AD8CB2C0259D90012737F /* Resources */,
				6D7AD8CC2C0259F80012737F /* Delegates */,
			);
			path = "Netflix Clone";
			sourceTree = "<group>";
		};
		6D7AD8A22C0255EF0012737F /* Models */ = {
			isa = PBXGroup;
			children = (
				6D7AD8A32C0256140012737F /* MovieResponse.swift */,
				6D7AD8A52C0256330012737F /* CellInfo.swift */,
				6D7AD8A72C02564B0012737F /* YoutubeResponse.swift */,
				6D7AD8A92C0256670012737F /* MoviePreview.swift */,
				6D7AD8AB2C02567E0012737F /* MovieModel.swift */,
			);
			path = Models;
			sourceTree = "<group>";
		};
		6D7AD8AD2C02572B0012737F /* Views */ = {
			isa = PBXGroup;
			children = (
				6D7AD8AE2C0257660012737F /* CollectionTableViewCell.swift */,
				6D7AD8B02C02578C0012737F /* PosterCollectionViewCell.swift */,
				6D7AD8B22C0257AE0012737F /* HeroHeaderView.swift */,
				6D7AD8B42C0257CF0012737F /* PlayTableViewCell.swift */,
			);
			path = Views;
			sourceTree = "<group>";
		};
		6D7AD8B62C0258440012737F /* Controllers */ = {
			isa = PBXGroup;
			children = (
				6D7AD8922C022FF80012737F /* MainTabBarController.swift */,
				6D7AD8B72C0258770012737F /* HomeViewController.swift */,
				6D7AD8B92C0258930012737F /* UpcomingViewController.swift */,
				6D7AD8BB2C0258AA0012737F /* SearchViewController.swift */,
				6D7AD8CD2C025A240012737F /* WatchlistViewController.swift */,
				6D7AD8BD2C0258CC0012737F /* SearchResultsViewController.swift */,
				6D7AD8BF2C0258E70012737F /* PreviewViewController.swift */,
			);
			path = Controllers;
			sourceTree = "<group>";
		};
		6D7AD8C12C0259470012737F /* Managers */ = {
			isa = PBXGroup;
			children = (
				6D7AD8C22C0259710012737F /* DataPersistence.swift */,
				6D7AD8C42C0259860012737F /* API.swift */,
			);
			path = Managers;
			sourceTree = "<group>";
		};
		6D7AD8C62C02599C0012737F /* Helpers */ = {
			isa = PBXGroup;
			children = (
				6D7AD8C72C0259BB0012737F /* Extensions.swift */,
				6D7AD8C92C0259CD0012737F /* Constants.swift */,
			);
			path = Helpers;
			sourceTree = "<group>";
		};
		6D7AD8CB2C0259D90012737F /* Resources */ = {
			isa = PBXGroup;
			children = (
				6D7AD8992C022FF90012737F /* LaunchScreen.storyboard */,
				6D7AD8972C022FF90012737F /* Assets.xcassets */,
				6D7AD89C2C022FF90012737F /* Info.plist */,
			);
			path = Resources;
			sourceTree = "<group>";
		};
		6D7AD8CC2C0259F80012737F /* Delegates */ = {
			isa = PBXGroup;
			children = (
				6D7AD8902C022FF80012737F /* SceneDelegate.swift */,
				6D7AD88E2C022FF80012737F /* AppDelegate.swift */,
			);
			path = Delegates;
			sourceTree = "<group>";
		};
		753DE4CCA028D1C6A2E62735 /* Frameworks */ = {
			isa = PBXGroup;
			children = (
				B61A54A165F7DB316CA88554 /* Pods_Netflix_Clone.framework */,
			);
			name = Frameworks;
			sourceTree = "<group>";
		};
		F1AB6022403D14509B93AD28 /* Pods */ = {
			isa = PBXGroup;
			children = (
				823CA94F9545897F6A3866CB /* Pods-Netflix Clone.debug.xcconfig */,
				5231FE66686565D138813D8E /* Pods-Netflix Clone.release.xcconfig */,
			);
			path = Pods;
			sourceTree = "<group>";
		};
/* End PBXGroup section */

/* Begin PBXNativeTarget section */
		6D7AD88A2C022FF80012737F /* Netflix Clone */ = {
			isa = PBXNativeTarget;
			buildConfigurationList = 6D7AD89F2C022FF90012737F /* Build configuration list for PBXNativeTarget "Netflix Clone" */;
			buildPhases = (
				6D7AD8CF2C026AE30012737F /* ShellScript */,
				9418F788EBA6AF32D7F14B1F /* [CP] Check Pods Manifest.lock */,
				6D7AD8872C022FF80012737F /* Sources */,
				6D7AD8882C022FF80012737F /* Frameworks */,
				6D7AD8892C022FF80012737F /* Resources */,
				0881D5A66B0F4B4C9B77A07C /* [CP] Embed Pods Frameworks */,
			);
			buildRules = (
			);
			dependencies = (
			);
			name = "Netflix Clone";
			productName = "Netflix Clone";
			productReference = 6D7AD88B2C022FF80012737F /* Netflix Clone.app */;
			productType = "com.apple.product-type.application";
		};
/* End PBXNativeTarget section */

/* Begin PBXProject section */
		6D7AD8832C022FF80012737F /* Project object */ = {
			isa = PBXProject;
			attributes = {
				BuildIndependentTargetsInParallel = 1;
				LastSwiftUpdateCheck = 1530;
				LastUpgradeCheck = 1530;
				TargetAttributes = {
					6D7AD88A2C022FF80012737F = {
						CreatedOnToolsVersion = 15.3;
					};
				};
			};
			buildConfigurationList = 6D7AD8862C022FF80012737F /* Build configuration list for PBXProject "Netflix Clone" */;
			compatibilityVersion = "Xcode 14.0";
			developmentRegion = en;
			hasScannedForEncodings = 0;
			knownRegions = (
				en,
				Base,
			);
			mainGroup = 6D7AD8822C022FF80012737F;
			productRefGroup = 6D7AD88C2C022FF80012737F /* Products */;
			projectDirPath = "";
			projectRoot = "";
			targets = (
				6D7AD88A2C022FF80012737F /* Netflix Clone */,
			);
		};
/* End PBXProject section */

/* Begin PBXResourcesBuildPhase section */
		6D7AD8892C022FF80012737F /* Resources */ = {
			isa = PBXResourcesBuildPhase;
			buildActionMask = 2147483647;
			files = (
				6D7AD8982C022FF90012737F /* Assets.xcassets in Resources */,
				6D7AD89B2C022FF90012737F /* Base in Resources */,
			);
			runOnlyForDeploymentPostprocessing = 0;
		};
/* End PBXResourcesBuildPhase section */

/* Begin PBXShellScriptBuildPhase section */
		0881D5A66B0F4B4C9B77A07C /* [CP] Embed Pods Frameworks */ = {
			isa = PBXShellScriptBuildPhase;
			buildActionMask = 2147483647;
			files = (
			);
			inputFileListPaths = (
				"${PODS_ROOT}/Target Support Files/Pods-Netflix Clone/Pods-Netflix Clone-frameworks-${CONFIGURATION}-input-files.xcfilelist",
			);
			name = "[CP] Embed Pods Frameworks";
			outputFileListPaths = (
				"${PODS_ROOT}/Target Support Files/Pods-Netflix Clone/Pods-Netflix Clone-frameworks-${CONFIGURATION}-output-files.xcfilelist",
			);
			runOnlyForDeploymentPostprocessing = 0;
			shellPath = /bin/sh;
			shellScript = "\"${PODS_ROOT}/Target Support Files/Pods-Netflix Clone/Pods-Netflix Clone-frameworks.sh\"\n";
			showEnvVarsInLog = 0;
		};
		6D7AD8CF2C026AE30012737F /* ShellScript */ = {
			isa = PBXShellScriptBuildPhase;
			alwaysOutOfDate = 1;
			buildActionMask = 2147483647;
			files = (
			);
			inputFileListPaths = (
			);
			inputPaths = (
			);
			outputFileListPaths = (
			);
			outputPaths = (
			);
			runOnlyForDeploymentPostprocessing = 0;
			shellPath = /bin/sh;
			shellScript = "export PATH=\"$PATH:/opt/homebrew/bin\"\nif which swiftlint > /dev/null; then\n  swiftlint\nelse\n  echo \"warning: SwiftLint not installed, download from https://github.com/realm/SwiftLint\"\nfi\n";
			showEnvVarsInLog = 0;
		};
		9418F788EBA6AF32D7F14B1F /* [CP] Check Pods Manifest.lock */ = {
			isa = PBXShellScriptBuildPhase;
			buildActionMask = 2147483647;
			files = (
			);
			inputFileListPaths = (
			);
			inputPaths = (
				"${PODS_PODFILE_DIR_PATH}/Podfile.lock",
				"${PODS_ROOT}/Manifest.lock",
			);
			name = "[CP] Check Pods Manifest.lock";
			outputFileListPaths = (
			);
			outputPaths = (
				"$(DERIVED_FILE_DIR)/Pods-Netflix Clone-checkManifestLockResult.txt",
			);
			runOnlyForDeploymentPostprocessing = 0;
			shellPath = /bin/sh;
			shellScript = "diff \"${PODS_PODFILE_DIR_PATH}/Podfile.lock\" \"${PODS_ROOT}/Manifest.lock\" > /dev/null\nif [ $? != 0 ] ; then\n    # print error to STDERR\n    echo \"error: The sandbox is not in sync with the Podfile.lock. Run 'pod install' or update your CocoaPods installation.\" >&2\n    exit 1\nfi\n# This output is used by Xcode 'outputs' to avoid re-running this script phase.\necho \"SUCCESS\" > \"${SCRIPT_OUTPUT_FILE_0}\"\n";
			showEnvVarsInLog = 0;
		};
/* End PBXShellScriptBuildPhase section */

/* Begin PBXSourcesBuildPhase section */
		6D7AD8872C022FF80012737F /* Sources */ = {
			isa = PBXSourcesBuildPhase;
			buildActionMask = 2147483647;
			files = (
				6D7AD8BC2C0258AA0012737F /* SearchViewController.swift in Sources */,
				6D7AD8C52C0259870012737F /* API.swift in Sources */,
				6D7AD8932C022FF80012737F /* MainTabBarController.swift in Sources */,
				6D7AD8A42C0256140012737F /* MovieResponse.swift in Sources */,
				6D7AD8C02C0258E70012737F /* PreviewViewController.swift in Sources */,
				6D7AD8B32C0257AE0012737F /* HeroHeaderView.swift in Sources */,
				6D7AD8CE2C025A240012737F /* WatchlistViewController.swift in Sources */,
				6D7AD8B52C0257CF0012737F /* PlayTableViewCell.swift in Sources */,
				6D7AD88F2C022FF80012737F /* AppDelegate.swift in Sources */,
				6D7AD8A62C0256330012737F /* CellInfo.swift in Sources */,
				6D7AD8AC2C02567E0012737F /* MovieModel.swift in Sources */,
				6D7AD8C32C0259710012737F /* DataPersistence.swift in Sources */,
				6D7AD8CA2C0259CD0012737F /* Constants.swift in Sources */,
				6D7AD8AA2C0256670012737F /* MoviePreview.swift in Sources */,
				6D7AD8BE2C0258CC0012737F /* SearchResultsViewController.swift in Sources */,
				6D7AD8A82C02564B0012737F /* YoutubeResponse.swift in Sources */,
				6D7AD8AF2C0257660012737F /* CollectionTableViewCell.swift in Sources */,
				6D7AD8C82C0259BB0012737F /* Extensions.swift in Sources */,
				6D7AD8912C022FF80012737F /* SceneDelegate.swift in Sources */,
				6D7AD8B82C0258770012737F /* HomeViewController.swift in Sources */,
				6D7AD8BA2C0258930012737F /* UpcomingViewController.swift in Sources */,
				6D7AD8B12C02578C0012737F /* PosterCollectionViewCell.swift in Sources */,
			);
			runOnlyForDeploymentPostprocessing = 0;
		};
/* End PBXSourcesBuildPhase section */

/* Begin PBXVariantGroup section */
		6D7AD8992C022FF90012737F /* LaunchScreen.storyboard */ = {
			isa = PBXVariantGroup;
			children = (
				6D7AD89A2C022FF90012737F /* Base */,
			);
			name = LaunchScreen.storyboard;
			sourceTree = "<group>";
		};
/* End PBXVariantGroup section */

/* Begin XCBuildConfiguration section */
		6D7AD89D2C022FF90012737F /* Debug */ = {
			isa = XCBuildConfiguration;
			buildSettings = {
				ALWAYS_SEARCH_USER_PATHS = NO;
				ASSETCATALOG_COMPILER_GENERATE_SWIFT_ASSET_SYMBOL_EXTENSIONS = YES;
				CLANG_ANALYZER_NONNULL = YES;
				CLANG_ANALYZER_NUMBER_OBJECT_CONVERSION = YES_AGGRESSIVE;
				CLANG_CXX_LANGUAGE_STANDARD = "gnu++20";
				CLANG_ENABLE_MODULES = YES;
				CLANG_ENABLE_OBJC_ARC = YES;
				CLANG_ENABLE_OBJC_WEAK = YES;
				CLANG_WARN_BLOCK_CAPTURE_AUTORELEASING = YES;
				CLANG_WARN_BOOL_CONVERSION = YES;
				CLANG_WARN_COMMA = YES;
				CLANG_WARN_CONSTANT_CONVERSION = YES;
				CLANG_WARN_DEPRECATED_OBJC_IMPLEMENTATIONS = YES;
				CLANG_WARN_DIRECT_OBJC_ISA_USAGE = YES_ERROR;
				CLANG_WARN_DOCUMENTATION_COMMENTS = YES;
				CLANG_WARN_EMPTY_BODY = YES;
				CLANG_WARN_ENUM_CONVERSION = YES;
				CLANG_WARN_INFINITE_RECURSION = YES;
				CLANG_WARN_INT_CONVERSION = YES;
				CLANG_WARN_NON_LITERAL_NULL_CONVERSION = YES;
				CLANG_WARN_OBJC_IMPLICIT_RETAIN_SELF = YES;
				CLANG_WARN_OBJC_LITERAL_CONVERSION = YES;
				CLANG_WARN_OBJC_ROOT_CLASS = YES_ERROR;
				CLANG_WARN_QUOTED_INCLUDE_IN_FRAMEWORK_HEADER = YES;
				CLANG_WARN_RANGE_LOOP_ANALYSIS = YES;
				CLANG_WARN_STRICT_PROTOTYPES = YES;
				CLANG_WARN_SUSPICIOUS_MOVE = YES;
				CLANG_WARN_UNGUARDED_AVAILABILITY = YES_AGGRESSIVE;
				CLANG_WARN_UNREACHABLE_CODE = YES;
				CLANG_WARN__DUPLICATE_METHOD_MATCH = YES;
				COPY_PHASE_STRIP = NO;
				DEBUG_INFORMATION_FORMAT = dwarf;
				ENABLE_STRICT_OBJC_MSGSEND = YES;
				ENABLE_TESTABILITY = YES;
				ENABLE_USER_SCRIPT_SANDBOXING = YES;
				GCC_C_LANGUAGE_STANDARD = gnu17;
				GCC_DYNAMIC_NO_PIC = NO;
				GCC_NO_COMMON_BLOCKS = YES;
				GCC_OPTIMIZATION_LEVEL = 0;
				GCC_PREPROCESSOR_DEFINITIONS = (
					"DEBUG=1",
					"$(inherited)",
				);
				GCC_WARN_64_TO_32_BIT_CONVERSION = YES;
				GCC_WARN_ABOUT_RETURN_TYPE = YES_ERROR;
				GCC_WARN_UNDECLARED_SELECTOR = YES;
				GCC_WARN_UNINITIALIZED_AUTOS = YES_AGGRESSIVE;
				GCC_WARN_UNUSED_FUNCTION = YES;
				GCC_WARN_UNUSED_VARIABLE = YES;
				IPHONEOS_DEPLOYMENT_TARGET = 17.4;
				LOCALIZATION_PREFERS_STRING_CATALOGS = YES;
				MTL_ENABLE_DEBUG_INFO = INCLUDE_SOURCE;
				MTL_FAST_MATH = YES;
				ONLY_ACTIVE_ARCH = YES;
				SDKROOT = iphoneos;
				SWIFT_ACTIVE_COMPILATION_CONDITIONS = "DEBUG $(inherited)";
				SWIFT_OPTIMIZATION_LEVEL = "-Onone";
			};
			name = Debug;
		};
		6D7AD89E2C022FF90012737F /* Release */ = {
			isa = XCBuildConfiguration;
			buildSettings = {
				ALWAYS_SEARCH_USER_PATHS = NO;
				ASSETCATALOG_COMPILER_GENERATE_SWIFT_ASSET_SYMBOL_EXTENSIONS = YES;
				CLANG_ANALYZER_NONNULL = YES;
				CLANG_ANALYZER_NUMBER_OBJECT_CONVERSION = YES_AGGRESSIVE;
				CLANG_CXX_LANGUAGE_STANDARD = "gnu++20";
				CLANG_ENABLE_MODULES = YES;
				CLANG_ENABLE_OBJC_ARC = YES;
				CLANG_ENABLE_OBJC_WEAK = YES;
				CLANG_WARN_BLOCK_CAPTURE_AUTORELEASING = YES;
				CLANG_WARN_BOOL_CONVERSION = YES;
				CLANG_WARN_COMMA = YES;
				CLANG_WARN_CONSTANT_CONVERSION = YES;
				CLANG_WARN_DEPRECATED_OBJC_IMPLEMENTATIONS = YES;
				CLANG_WARN_DIRECT_OBJC_ISA_USAGE = YES_ERROR;
				CLANG_WARN_DOCUMENTATION_COMMENTS = YES;
				CLANG_WARN_EMPTY_BODY = YES;
				CLANG_WARN_ENUM_CONVERSION = YES;
				CLANG_WARN_INFINITE_RECURSION = YES;
				CLANG_WARN_INT_CONVERSION = YES;
				CLANG_WARN_NON_LITERAL_NULL_CONVERSION = YES;
				CLANG_WARN_OBJC_IMPLICIT_RETAIN_SELF = YES;
				CLANG_WARN_OBJC_LITERAL_CONVERSION = YES;
				CLANG_WARN_OBJC_ROOT_CLASS = YES_ERROR;
				CLANG_WARN_QUOTED_INCLUDE_IN_FRAMEWORK_HEADER = YES;
				CLANG_WARN_RANGE_LOOP_ANALYSIS = YES;
				CLANG_WARN_STRICT_PROTOTYPES = YES;
				CLANG_WARN_SUSPICIOUS_MOVE = YES;
				CLANG_WARN_UNGUARDED_AVAILABILITY = YES_AGGRESSIVE;
				CLANG_WARN_UNREACHABLE_CODE = YES;
				CLANG_WARN__DUPLICATE_METHOD_MATCH = YES;
				COPY_PHASE_STRIP = NO;
				DEBUG_INFORMATION_FORMAT = "dwarf-with-dsym";
				ENABLE_NS_ASSERTIONS = NO;
				ENABLE_STRICT_OBJC_MSGSEND = YES;
				ENABLE_USER_SCRIPT_SANDBOXING = YES;
				GCC_C_LANGUAGE_STANDARD = gnu17;
				GCC_NO_COMMON_BLOCKS = YES;
				GCC_WARN_64_TO_32_BIT_CONVERSION = YES;
				GCC_WARN_ABOUT_RETURN_TYPE = YES_ERROR;
				GCC_WARN_UNDECLARED_SELECTOR = YES;
				GCC_WARN_UNINITIALIZED_AUTOS = YES_AGGRESSIVE;
				GCC_WARN_UNUSED_FUNCTION = YES;
				GCC_WARN_UNUSED_VARIABLE = YES;
				IPHONEOS_DEPLOYMENT_TARGET = 17.4;
				LOCALIZATION_PREFERS_STRING_CATALOGS = YES;
				MTL_ENABLE_DEBUG_INFO = NO;
				MTL_FAST_MATH = YES;
				SDKROOT = iphoneos;
				SWIFT_COMPILATION_MODE = wholemodule;
				VALIDATE_PRODUCT = YES;
			};
			name = Release;
		};
		6D7AD8A02C022FF90012737F /* Debug */ = {
			isa = XCBuildConfiguration;
			baseConfigurationReference = 823CA94F9545897F6A3866CB /* Pods-Netflix Clone.debug.xcconfig */;
			buildSettings = {
				ASSETCATALOG_COMPILER_APPICON_NAME = AppIcon;
				ASSETCATALOG_COMPILER_GLOBAL_ACCENT_COLOR_NAME = AccentColor;
				CODE_SIGN_STYLE = Automatic;
				CURRENT_PROJECT_VERSION = 1;
				DEVELOPMENT_TEAM = T2NP32FJ4X;
				ENABLE_USER_SCRIPT_SANDBOXING = NO;
				GENERATE_INFOPLIST_FILE = YES;
				INFOPLIST_FILE = "Netflix Clone/Resources/Info.plist";
				INFOPLIST_KEY_UIApplicationSupportsIndirectInputEvents = YES;
				INFOPLIST_KEY_UILaunchStoryboardName = LaunchScreen;
				INFOPLIST_KEY_UISupportedInterfaceOrientations_iPad = "UIInterfaceOrientationPortrait UIInterfaceOrientationPortraitUpsideDown UIInterfaceOrientationLandscapeLeft UIInterfaceOrientationLandscapeRight";
				INFOPLIST_KEY_UISupportedInterfaceOrientations_iPhone = "UIInterfaceOrientationPortrait UIInterfaceOrientationLandscapeLeft UIInterfaceOrientationLandscapeRight";
				LD_RUNPATH_SEARCH_PATHS = (
					"$(inherited)",
					"@executable_path/Frameworks",
				);
				MARKETING_VERSION = 1.0;
				PRODUCT_BUNDLE_IDENTIFIER = "M7nd.Netflix-Clone";
				PRODUCT_NAME = "$(TARGET_NAME)";
				SWIFT_EMIT_LOC_STRINGS = YES;
				SWIFT_VERSION = 5.0;
				TARGETED_DEVICE_FAMILY = "1,2";
			};
			name = Debug;
		};
		6D7AD8A12C022FF90012737F /* Release */ = {
			isa = XCBuildConfiguration;
			baseConfigurationReference = 5231FE66686565D138813D8E /* Pods-Netflix Clone.release.xcconfig */;
			buildSettings = {
				ASSETCATALOG_COMPILER_APPICON_NAME = AppIcon;
				ASSETCATALOG_COMPILER_GLOBAL_ACCENT_COLOR_NAME = AccentColor;
				CODE_SIGN_STYLE = Automatic;
				CURRENT_PROJECT_VERSION = 1;
				DEVELOPMENT_TEAM = T2NP32FJ4X;
				ENABLE_USER_SCRIPT_SANDBOXING = NO;
				GENERATE_INFOPLIST_FILE = YES;
				INFOPLIST_FILE = "Netflix Clone/Resources/Info.plist";
				INFOPLIST_KEY_UIApplicationSupportsIndirectInputEvents = YES;
				INFOPLIST_KEY_UILaunchStoryboardName = LaunchScreen;
				INFOPLIST_KEY_UISupportedInterfaceOrientations_iPad = "UIInterfaceOrientationPortrait UIInterfaceOrientationPortraitUpsideDown UIInterfaceOrientationLandscapeLeft UIInterfaceOrientationLandscapeRight";
				INFOPLIST_KEY_UISupportedInterfaceOrientations_iPhone = "UIInterfaceOrientationPortrait UIInterfaceOrientationLandscapeLeft UIInterfaceOrientationLandscapeRight";
				LD_RUNPATH_SEARCH_PATHS = (
					"$(inherited)",
					"@executable_path/Frameworks",
				);
				MARKETING_VERSION = 1.0;
				PRODUCT_BUNDLE_IDENTIFIER = "M7nd.Netflix-Clone";
				PRODUCT_NAME = "$(TARGET_NAME)";
				SWIFT_EMIT_LOC_STRINGS = YES;
				SWIFT_VERSION = 5.0;
				TARGETED_DEVICE_FAMILY = "1,2";
			};
			name = Release;
		};
/* End XCBuildConfiguration section */

/* Begin XCConfigurationList section */
		6D7AD8862C022FF80012737F /* Build configuration list for PBXProject "Netflix Clone" */ = {
			isa = XCConfigurationList;
			buildConfigurations = (
				6D7AD89D2C022FF90012737F /* Debug */,
				6D7AD89E2C022FF90012737F /* Release */,
			);
			defaultConfigurationIsVisible = 0;
			defaultConfigurationName = Release;
		};
		6D7AD89F2C022FF90012737F /* Build configuration list for PBXNativeTarget "Netflix Clone" */ = {
			isa = XCConfigurationList;
			buildConfigurations = (
				6D7AD8A02C022FF90012737F /* Debug */,
				6D7AD8A12C022FF90012737F /* Release */,
			);
			defaultConfigurationIsVisible = 0;
			defaultConfigurationName = Release;
		};
/* End XCConfigurationList section */
	};
	rootObject = 6D7AD8832C022FF80012737F /* Project object */;
}
